{
  "name": "@unparallel/connector-ri",
  "version": "3.0.0",
  "lockfileVersion": 2,
  "requires": true,
  "packages": {
    "": {
      "name": "@unparallel/connector-ri",
      "version": "3.0.0",
      "license": "MIT",
      "dependencies": {
        "@mhoc/axios-digest-auth": "^0.8.0",
        "@stdlib/string-percent-encode": "^0.2.1",
        "axios": "^0.23.0",
        "base64url": "^3.0.1",
        "encodeurl": "^1.0.2",
        "js-logger": "^1.6.0",
        "url-search-params-polyfill": "^8.1.1"
      }
    },
    "node_modules/@mhoc/axios-digest-auth": {
      "version": "0.8.0",
      "resolved": "https://registry.npmjs.org/@mhoc/axios-digest-auth/-/axios-digest-auth-0.8.0.tgz",
      "integrity": "sha512-CEU6AhrPWjznB/uGCvEKNQ9Fa0Gw8gjIXyky6sjRbJz6GsBovef0rdsu6fokE3A7+ncsVsGWlDnt5byOs9mSGw==",
      "dependencies": {
        "axios": "0.22.0"
      }
    },
    "node_modules/@mhoc/axios-digest-auth/node_modules/axios": {
      "version": "0.22.0",
      "resolved": "https://registry.npmjs.org/axios/-/axios-0.22.0.tgz",
      "integrity": "sha512-Z0U3uhqQeg1oNcihswf4ZD57O3NrR1+ZXhxaROaWpDmsDTx7T2HNBV2ulBtie2hwJptu8UvgnJoK+BIqdzh/1w==",
      "dependencies": {
        "follow-redirects": "^1.14.4"
      }
    },
    "node_modules/@stdlib/assert-has-own-property": {
      "version": "0.2.1",
      "resolved": "https://registry.npmjs.org/@stdlib/assert-has-own-property/-/assert-has-own-property-0.2.1.tgz",
      "integrity": "sha512-TNx+PlR1kGG6Ypg9aiHpHzaIYI8iaKAj7Ad1r/A6BlbkA/czzJMMidJE91uDlpgrMAIILAT68MRXt3kD6X2tAw==",
      "license": "Apache-2.0",
      "os": [
        "aix",
        "darwin",
        "freebsd",
        "linux",
        "macos",
        "openbsd",
        "sunos",
        "win32",
        "windows"
      ],
      "engines": {
        "node": ">=0.10.0",
        "npm": ">2.7.0"
      },
      "funding": {
        "type": "opencollective",
        "url": "https://opencollective.com/stdlib"
      }
    },
    "node_modules/@stdlib/assert-has-symbol-support": {
      "version": "0.2.1",
      "resolved": "https://registry.npmjs.org/@stdlib/assert-has-symbol-support/-/assert-has-symbol-support-0.2.1.tgz",
      "integrity": "sha512-a0N1kI/csNiPZ/0lad7ATOIMSXgpm0mCBjV95TgA4+Dmmruol0DK3PrP4n+NuoziTLzRSM/CRgEtLQI5X9g6mQ==",
      "license": "Apache-2.0",
      "os": [
        "aix",
        "darwin",
        "freebsd",
        "linux",
        "macos",
        "openbsd",
        "sunos",
        "win32",
        "windows"
      ],
      "engines": {
        "node": ">=0.10.0",
        "npm": ">2.7.0"
      },
      "funding": {
        "type": "opencollective",
        "url": "https://opencollective.com/stdlib"
      }
    },
    "node_modules/@stdlib/assert-has-tostringtag-support": {
      "version": "0.2.1",
      "resolved": "https://registry.npmjs.org/@stdlib/assert-has-tostringtag-support/-/assert-has-tostringtag-support-0.2.1.tgz",
      "integrity": "sha512-cWhgirurOsVJzHSSU0GdX5HqHGF2DRWXPk7xbQ4OPhu0x4yeOa2WAupPf7PHQ0pMD++IoWW3I16Gr310WjLDeg==",
      "license": "Apache-2.0",
      "os": [
        "aix",
        "darwin",
        "freebsd",
        "linux",
        "macos",
        "openbsd",
        "sunos",
        "win32",
        "windows"
      ],
      "dependencies": {
        "@stdlib/assert-has-symbol-support": "^0.2.0"
      },
      "engines": {
        "node": ">=0.10.0",
        "npm": ">2.7.0"
      },
      "funding": {
        "type": "opencollective",
        "url": "https://opencollective.com/stdlib"
      }
    },
    "node_modules/@stdlib/assert-is-string": {
      "version": "0.2.1",
      "resolved": "https://registry.npmjs.org/@stdlib/assert-is-string/-/assert-is-string-0.2.1.tgz",
      "integrity": "sha512-xphxm9i61By/M7cmyCqgPiDof4DP3Rms3lVdcCpkr7T9PkBFMhOlm6zyhxo/2+dhukjf4Sak/WqntF/CWgJFJw==",
      "license": "Apache-2.0",
      "os": [
        "aix",
        "darwin",
        "freebsd",
        "linux",
        "macos",
        "openbsd",
        "sunos",
        "win32",
        "windows"
      ],
      "dependencies": {
        "@stdlib/assert-has-tostringtag-support": "^0.2.1",
        "@stdlib/utils-define-nonenumerable-read-only-property": "^0.2.1",
        "@stdlib/utils-native-class": "^0.2.1"
      },
      "engines": {
        "node": ">=0.10.0",
        "npm": ">2.7.0"
      },
      "funding": {
        "type": "opencollective",
        "url": "https://opencollective.com/stdlib"
      }
    },
    "node_modules/@stdlib/error-tools-fmtprodmsg": {
      "version": "0.2.1",
      "resolved": "https://registry.npmjs.org/@stdlib/error-tools-fmtprodmsg/-/error-tools-fmtprodmsg-0.2.1.tgz",
      "integrity": "sha512-SaxvGeGfWfda/O3rTNGRGBzAL9gsY/yd8n1hXwzOl/2aUHf8nxcf6Fz6/BQ5PguT0GiBkca19XEhHZZHxX3X/g==",
      "license": "Apache-2.0",
      "os": [
        "aix",
        "darwin",
        "freebsd",
        "linux",
        "macos",
        "openbsd",
        "sunos",
        "win32",
        "windows"
      ],
      "engines": {
        "node": ">=0.10.0",
        "npm": ">2.7.0"
      },
      "funding": {
        "type": "opencollective",
        "url": "https://opencollective.com/stdlib"
      }
    },
    "node_modules/@stdlib/string-base-format-interpolate": {
      "version": "0.2.1",
      "resolved": "https://registry.npmjs.org/@stdlib/string-base-format-interpolate/-/string-base-format-interpolate-0.2.1.tgz",
      "integrity": "sha512-Uxz89eUi4m9yao4VjsqXIxLIF7qDmqEAH0e+XBRWRGC2zx6DhmK2kLnaU0xW69+VJPn3dq4itxq0oryw2E+qIQ==",
      "license": "Apache-2.0",
      "os": [
        "aix",
        "darwin",
        "freebsd",
        "linux",
        "macos",
        "openbsd",
        "sunos",
        "win32",
        "windows"
      ],
      "engines": {
        "node": ">=0.10.0",
        "npm": ">2.7.0"
      },
      "funding": {
        "type": "opencollective",
        "url": "https://opencollective.com/stdlib"
      }
    },
    "node_modules/@stdlib/string-base-format-tokenize": {
      "version": "0.2.1",
      "resolved": "https://registry.npmjs.org/@stdlib/string-base-format-tokenize/-/string-base-format-tokenize-0.2.1.tgz",
      "integrity": "sha512-3Ut96pmCgEFArrdwXKm1q0j1FOqTnG/uOsh24uYNU/ABRsMOOajRlAjCCdQv9f8P916qPrSnF1V3Pd18LAaksg==",
      "license": "Apache-2.0",
      "os": [
        "aix",
        "darwin",
        "freebsd",
        "linux",
        "macos",
        "openbsd",
        "sunos",
        "win32",
        "windows"
      ],
      "engines": {
        "node": ">=0.10.0",
        "npm": ">2.7.0"
      },
      "funding": {
        "type": "opencollective",
        "url": "https://opencollective.com/stdlib"
      }
    },
    "node_modules/@stdlib/string-base-percent-encode": {
      "version": "0.2.1",
      "resolved": "https://registry.npmjs.org/@stdlib/string-base-percent-encode/-/string-base-percent-encode-0.2.1.tgz",
      "integrity": "sha512-ofmm3UxJzdGQSprbfPRK72iIM7lBpfQzU+dQzErDbuWqQiW8pFbenEpbQrAbKbEZ94nJNjl+LasDMkLnepwQJw==",
      "license": "Apache-2.0",
      "os": [
        "aix",
        "darwin",
        "freebsd",
        "linux",
        "macos",
        "openbsd",
        "sunos",
        "win32",
        "windows"
      ],
      "dependencies": {
        "@stdlib/string-utf16-to-utf8-array": "^0.2.1"
      },
      "engines": {
        "node": ">=0.10.0",
        "npm": ">2.7.0"
      },
      "funding": {
        "type": "opencollective",
        "url": "https://opencollective.com/stdlib"
      }
    },
    "node_modules/@stdlib/string-format": {
      "version": "0.2.1",
      "resolved": "https://registry.npmjs.org/@stdlib/string-format/-/string-format-0.2.1.tgz",
      "integrity": "sha512-+HpXkEJ0Z4gthH5KicXvRRJiCiCTSrKzM+mS8N6vwaAD+OG+Oq8Cn43XBD1ic/UHROI9un42MruF1ZLlkSmdOw==",
      "license": "Apache-2.0",
      "os": [
        "aix",
        "darwin",
        "freebsd",
        "linux",
        "macos",
        "openbsd",
        "sunos",
        "win32",
        "windows"
      ],
      "dependencies": {
        "@stdlib/string-base-format-interpolate": "^0.2.1",
        "@stdlib/string-base-format-tokenize": "^0.2.1"
      },
      "engines": {
        "node": ">=0.10.0",
        "npm": ">2.7.0"
      },
      "funding": {
        "type": "opencollective",
        "url": "https://opencollective.com/stdlib"
      }
    },
    "node_modules/@stdlib/string-percent-encode": {
      "version": "0.2.1",
      "resolved": "https://registry.npmjs.org/@stdlib/string-percent-encode/-/string-percent-encode-0.2.1.tgz",
      "integrity": "sha512-D3cpL4bwlf3rA9u0F5EslxISZLLgbv0/KxGvGZI+zdwNxgOTE1kXxKNvAdR1GSFhpjTpFHIZQVdQ7Vn+NlpD+w==",
      "license": "Apache-2.0",
      "os": [
        "aix",
        "darwin",
        "freebsd",
        "linux",
        "macos",
        "openbsd",
        "sunos",
        "win32",
        "windows"
      ],
      "dependencies": {
        "@stdlib/assert-is-string": "^0.2.1",
        "@stdlib/string-base-percent-encode": "^0.2.1",
        "@stdlib/string-format": "^0.2.1"
      },
      "engines": {
        "node": ">=0.10.0",
        "npm": ">2.7.0"
      },
      "funding": {
        "type": "opencollective",
        "url": "https://opencollective.com/stdlib"
      }
    },
    "node_modules/@stdlib/string-utf16-to-utf8-array": {
      "version": "0.2.1",
      "resolved": "https://registry.npmjs.org/@stdlib/string-utf16-to-utf8-array/-/string-utf16-to-utf8-array-0.2.1.tgz",
      "integrity": "sha512-khBwt4OK/Y3TdC12yxCiFMzKZImIuOzNnypMIboC7SF9k8uqt/+tBVw8Eth+CBV3Why6ObkKDG3rM4YhCqLPVw==",
      "license": "Apache-2.0",
      "os": [
        "aix",
        "darwin",
        "freebsd",
        "linux",
        "macos",
        "openbsd",
        "sunos",
        "win32",
        "windows"
      ],
      "dependencies": {
        "@stdlib/assert-is-string": "^0.2.1",
        "@stdlib/string-format": "^0.2.1"
      },
      "engines": {
        "node": ">=0.10.0",
        "npm": ">2.7.0"
      },
      "funding": {
        "type": "opencollective",
        "url": "https://opencollective.com/stdlib"
      }
    },
    "node_modules/@stdlib/symbol-ctor": {
      "version": "0.2.1",
      "resolved": "https://registry.npmjs.org/@stdlib/symbol-ctor/-/symbol-ctor-0.2.1.tgz",
      "integrity": "sha512-ZZAuKPJZ9PVrbRCp4iPKdlyh7uyrCi39dqrU/j/w38mOzYZJV6utK33eeAIsQH5yMDO7Tr0Zu69TKGf2XqmaPw==",
      "license": "Apache-2.0",
      "os": [
        "aix",
        "darwin",
        "freebsd",
        "linux",
        "macos",
        "openbsd",
        "sunos",
        "win32",
        "windows"
      ],
      "engines": {
        "node": ">=0.10.0",
        "npm": ">2.7.0"
      },
      "funding": {
        "type": "opencollective",
        "url": "https://opencollective.com/stdlib"
      }
    },
    "node_modules/@stdlib/utils-define-nonenumerable-read-only-property": {
      "version": "0.2.1",
      "resolved": "https://registry.npmjs.org/@stdlib/utils-define-nonenumerable-read-only-property/-/utils-define-nonenumerable-read-only-property-0.2.1.tgz",
      "integrity": "sha512-L8fs1kI79T2RQIg8rHR9aQnnSDELqiDGWbK3jA1NP8iW+ydxlxXyO8Dw17fBCXVua3Y19a1NVyGtIN5WGe2UCw==",
      "license": "Apache-2.0",
      "os": [
        "aix",
        "darwin",
        "freebsd",
        "linux",
        "macos",
        "openbsd",
        "sunos",
        "win32",
        "windows"
      ],
      "dependencies": {
        "@stdlib/utils-define-property": "^0.2.1"
      },
      "engines": {
        "node": ">=0.10.0",
        "npm": ">2.7.0"
      },
      "funding": {
        "type": "opencollective",
        "url": "https://opencollective.com/stdlib"
      }
    },
    "node_modules/@stdlib/utils-define-property": {
      "version": "0.2.3",
      "resolved": "https://registry.npmjs.org/@stdlib/utils-define-property/-/utils-define-property-0.2.3.tgz",
      "integrity": "sha512-+EzWImaQR/6XNFbXIITFi3PLQGTbKVIWSYxJfHXAuTtibAMnhHOWvEzKOumVe/Q4Cdsrc3/PIkpjJzliqAX9AA==",
      "license": "Apache-2.0",
      "os": [
        "aix",
        "darwin",
        "freebsd",
        "linux",
        "macos",
        "openbsd",
        "sunos",
        "win32",
        "windows"
      ],
      "dependencies": {
        "@stdlib/error-tools-fmtprodmsg": "^0.2.1",
        "@stdlib/string-format": "^0.2.1"
      },
      "engines": {
        "node": ">=0.10.0",
        "npm": ">2.7.0"
      },
      "funding": {
        "type": "opencollective",
        "url": "https://opencollective.com/stdlib"
      }
    },
    "node_modules/@stdlib/utils-native-class": {
      "version": "0.2.1",
      "resolved": "https://registry.npmjs.org/@stdlib/utils-native-class/-/utils-native-class-0.2.1.tgz",
      "integrity": "sha512-tM3am6amt50I4mFRlClExUmORqPzMExgDyZc4Lur+LXn5wb0uEoeBbJ27ftMDg8PNLSi5RUuBCwZBEXvYpG0yw==",
      "license": "Apache-2.0",
      "os": [
        "aix",
        "darwin",
        "freebsd",
        "linux",
        "macos",
        "openbsd",
        "sunos",
        "win32",
        "windows"
      ],
      "dependencies": {
        "@stdlib/assert-has-own-property": "^0.2.1",
        "@stdlib/assert-has-tostringtag-support": "^0.2.1",
        "@stdlib/symbol-ctor": "^0.2.1"
      },
      "engines": {
        "node": ">=0.10.0",
        "npm": ">2.7.0"
      },
      "funding": {
        "type": "opencollective",
        "url": "https://opencollective.com/stdlib"
      }
    },
    "node_modules/axios": {
      "version": "0.23.0",
      "resolved": "https://registry.npmjs.org/axios/-/axios-0.23.0.tgz",
      "integrity": "sha512-NmvAE4i0YAv5cKq8zlDoPd1VLKAqX5oLuZKs8xkJa4qi6RGn0uhCYFjWtHHC9EM/MwOwYWOs53W+V0aqEXq1sg==",
      "dependencies": {
        "follow-redirects": "^1.14.4"
      }
    },
    "node_modules/base64url": {
      "version": "3.0.1",
      "resolved": "https://registry.npmjs.org/base64url/-/base64url-3.0.1.tgz",
      "integrity": "sha512-ir1UPr3dkwexU7FdV8qBBbNDRUhMmIekYMFZfi+C/sLNnRESKPl23nB9b2pltqfOQNnGzsDdId90AEtG5tCx4A==",
      "engines": {
        "node": ">=6.0.0"
      }
    },
    "node_modules/encodeurl": {
      "version": "1.0.2",
      "resolved": "https://registry.npmjs.org/encodeurl/-/encodeurl-1.0.2.tgz",
      "integrity": "sha512-TPJXq8JqFaVYm2CWmPvnP2Iyo4ZSM7/QKcSmuMLDObfpH5fi7RUGmd/rTDf+rut/saiDiQEeVTNgAmJEdAOx0w==",
      "engines": {
        "node": ">= 0.8"
      }
    },
    "node_modules/follow-redirects": {
      "version": "1.15.2",
      "resolved": "https://registry.npmjs.org/follow-redirects/-/follow-redirects-1.15.2.tgz",
      "integrity": "sha512-VQLG33o04KaQ8uYi2tVNbdrWp1QWxNNea+nmIB4EVM28v0hmP17z7aG1+wAkNzVq4KeXTq3221ye5qTJP91JwA==",
      "funding": [
        {
          "type": "individual",
          "url": "https://github.com/sponsors/RubenVerborgh"
        }
      ],
      "engines": {
        "node": ">=4.0"
      },
      "peerDependenciesMeta": {
        "debug": {
          "optional": true
        }
      }
    },
    "node_modules/js-logger": {
      "version": "1.6.1",
      "resolved": "https://registry.npmjs.org/js-logger/-/js-logger-1.6.1.tgz",
      "integrity": "sha512-yTgMCPXVjhmg28CuUH8CKjU+cIKL/G+zTu4Fn4lQxs8mRFH/03QTNvEFngcxfg/gRDiQAOoyCKmMTOm9ayOzXA=="
    },
    "node_modules/url-search-params-polyfill": {
      "version": "8.1.1",
      "resolved": "https://registry.npmjs.org/url-search-params-polyfill/-/url-search-params-polyfill-8.1.1.tgz",
      "integrity": "sha512-KmkCs6SjE6t4ihrfW9JelAPQIIIFbJweaaSLTh/4AO+c58JlDcb+GbdPt8yr5lRcFg4rPswRFRRhBGpWwh0K/Q=="
    }
  },
  "dependencies": {
    "@mhoc/axios-digest-auth": {
      "version": "0.8.0",
      "resolved": "https://registry.npmjs.org/@mhoc/axios-digest-auth/-/axios-digest-auth-0.8.0.tgz",
      "integrity": "sha512-CEU6AhrPWjznB/uGCvEKNQ9Fa0Gw8gjIXyky6sjRbJz6GsBovef0rdsu6fokE3A7+ncsVsGWlDnt5byOs9mSGw==",
      "requires": {
        "axios": "0.22.0"
      },
      "dependencies": {
        "axios": {
          "version": "0.22.0",
          "resolved": "https://registry.npmjs.org/axios/-/axios-0.22.0.tgz",
          "integrity": "sha512-Z0U3uhqQeg1oNcihswf4ZD57O3NrR1+ZXhxaROaWpDmsDTx7T2HNBV2ulBtie2hwJptu8UvgnJoK+BIqdzh/1w==",
          "requires": {
            "follow-redirects": "^1.14.4"
          }
        }
      }
    },
    "@stdlib/assert-has-own-property": {
      "version": "0.2.1",
      "resolved": "https://registry.npmjs.org/@stdlib/assert-has-own-property/-/assert-has-own-property-0.2.1.tgz",
      "integrity": "sha512-TNx+PlR1kGG6Ypg9aiHpHzaIYI8iaKAj7Ad1r/A6BlbkA/czzJMMidJE91uDlpgrMAIILAT68MRXt3kD6X2tAw=="
    },
    "@stdlib/assert-has-symbol-support": {
      "version": "0.2.1",
      "resolved": "https://registry.npmjs.org/@stdlib/assert-has-symbol-support/-/assert-has-symbol-support-0.2.1.tgz",
      "integrity": "sha512-a0N1kI/csNiPZ/0lad7ATOIMSXgpm0mCBjV95TgA4+Dmmruol0DK3PrP4n+NuoziTLzRSM/CRgEtLQI5X9g6mQ=="
    },
    "@stdlib/assert-has-tostringtag-support": {
      "version": "0.2.1",
      "resolved": "https://registry.npmjs.org/@stdlib/assert-has-tostringtag-support/-/assert-has-tostringtag-support-0.2.1.tgz",
      "integrity": "sha512-cWhgirurOsVJzHSSU0GdX5HqHGF2DRWXPk7xbQ4OPhu0x4yeOa2WAupPf7PHQ0pMD++IoWW3I16Gr310WjLDeg==",
      "requires": {
        "@stdlib/assert-has-symbol-support": "^0.2.0"
      }
    },
    "@stdlib/assert-is-string": {
      "version": "0.2.1",
      "resolved": "https://registry.npmjs.org/@stdlib/assert-is-string/-/assert-is-string-0.2.1.tgz",
      "integrity": "sha512-xphxm9i61By/M7cmyCqgPiDof4DP3Rms3lVdcCpkr7T9PkBFMhOlm6zyhxo/2+dhukjf4Sak/WqntF/CWgJFJw==",
      "requires": {
        "@stdlib/assert-has-tostringtag-support": "^0.2.1",
        "@stdlib/utils-define-nonenumerable-read-only-property": "^0.2.1",
        "@stdlib/utils-native-class": "^0.2.1"
      }
    },
    "@stdlib/error-tools-fmtprodmsg": {
      "version": "0.2.1",
      "resolved": "https://registry.npmjs.org/@stdlib/error-tools-fmtprodmsg/-/error-tools-fmtprodmsg-0.2.1.tgz",
      "integrity": "sha512-SaxvGeGfWfda/O3rTNGRGBzAL9gsY/yd8n1hXwzOl/2aUHf8nxcf6Fz6/BQ5PguT0GiBkca19XEhHZZHxX3X/g=="
    },
    "@stdlib/string-base-format-interpolate": {
      "version": "0.2.1",
      "resolved": "https://registry.npmjs.org/@stdlib/string-base-format-interpolate/-/string-base-format-interpolate-0.2.1.tgz",
      "integrity": "sha512-Uxz89eUi4m9yao4VjsqXIxLIF7qDmqEAH0e+XBRWRGC2zx6DhmK2kLnaU0xW69+VJPn3dq4itxq0oryw2E+qIQ=="
    },
    "@stdlib/string-base-format-tokenize": {
      "version": "0.2.1",
      "resolved": "https://registry.npmjs.org/@stdlib/string-base-format-tokenize/-/string-base-format-tokenize-0.2.1.tgz",
      "integrity": "sha512-3Ut96pmCgEFArrdwXKm1q0j1FOqTnG/uOsh24uYNU/ABRsMOOajRlAjCCdQv9f8P916qPrSnF1V3Pd18LAaksg=="
    },
    "@stdlib/string-base-percent-encode": {
      "version": "0.2.1",
      "resolved": "https://registry.npmjs.org/@stdlib/string-base-percent-encode/-/string-base-percent-encode-0.2.1.tgz",
      "integrity": "sha512-ofmm3UxJzdGQSprbfPRK72iIM7lBpfQzU+dQzErDbuWqQiW8pFbenEpbQrAbKbEZ94nJNjl+LasDMkLnepwQJw==",
      "requires": {
        "@stdlib/string-utf16-to-utf8-array": "^0.2.1"
      }
    },
    "@stdlib/string-format": {
      "version": "0.2.1",
      "resolved": "https://registry.npmjs.org/@stdlib/string-format/-/string-format-0.2.1.tgz",
      "integrity": "sha512-+HpXkEJ0Z4gthH5KicXvRRJiCiCTSrKzM+mS8N6vwaAD+OG+Oq8Cn43XBD1ic/UHROI9un42MruF1ZLlkSmdOw==",
      "requires": {
        "@stdlib/string-base-format-interpolate": "^0.2.1",
        "@stdlib/string-base-format-tokenize": "^0.2.1"
      }
    },
    "@stdlib/string-percent-encode": {
      "version": "0.2.1",
      "resolved": "https://registry.npmjs.org/@stdlib/string-percent-encode/-/string-percent-encode-0.2.1.tgz",
      "integrity": "sha512-D3cpL4bwlf3rA9u0F5EslxISZLLgbv0/KxGvGZI+zdwNxgOTE1kXxKNvAdR1GSFhpjTpFHIZQVdQ7Vn+NlpD+w==",
      "requires": {
        "@stdlib/assert-is-string": "^0.2.1",
        "@stdlib/string-base-percent-encode": "^0.2.1",
        "@stdlib/string-format": "^0.2.1"
      }
    },
    "@stdlib/string-utf16-to-utf8-array": {
      "version": "0.2.1",
      "resolved": "https://registry.npmjs.org/@stdlib/string-utf16-to-utf8-array/-/string-utf16-to-utf8-array-0.2.1.tgz",
      "integrity": "sha512-khBwt4OK/Y3TdC12yxCiFMzKZImIuOzNnypMIboC7SF9k8uqt/+tBVw8Eth+CBV3Why6ObkKDG3rM4YhCqLPVw==",
      "requires": {
        "@stdlib/assert-is-string": "^0.2.1",
        "@stdlib/string-format": "^0.2.1"
      }
    },
    "@stdlib/symbol-ctor": {
      "version": "0.2.1",
      "resolved": "https://registry.npmjs.org/@stdlib/symbol-ctor/-/symbol-ctor-0.2.1.tgz",
      "integrity": "sha512-ZZAuKPJZ9PVrbRCp4iPKdlyh7uyrCi39dqrU/j/w38mOzYZJV6utK33eeAIsQH5yMDO7Tr0Zu69TKGf2XqmaPw=="
    },
    "@stdlib/utils-define-nonenumerable-read-only-property": {
      "version": "0.2.1",
      "resolved": "https://registry.npmjs.org/@stdlib/utils-define-nonenumerable-read-only-property/-/utils-define-nonenumerable-read-only-property-0.2.1.tgz",
      "integrity": "sha512-L8fs1kI79T2RQIg8rHR9aQnnSDELqiDGWbK3jA1NP8iW+ydxlxXyO8Dw17fBCXVua3Y19a1NVyGtIN5WGe2UCw==",
      "requires": {
        "@stdlib/utils-define-property": "^0.2.1"
      }
    },
    "@stdlib/utils-define-property": {
      "version": "0.2.3",
      "resolved": "https://registry.npmjs.org/@stdlib/utils-define-property/-/utils-define-property-0.2.3.tgz",
      "integrity": "sha512-+EzWImaQR/6XNFbXIITFi3PLQGTbKVIWSYxJfHXAuTtibAMnhHOWvEzKOumVe/Q4Cdsrc3/PIkpjJzliqAX9AA==",
      "requires": {
        "@stdlib/error-tools-fmtprodmsg": "^0.2.1",
        "@stdlib/string-format": "^0.2.1"
      }
    },
    "@stdlib/utils-native-class": {
      "version": "0.2.1",
      "resolved": "https://registry.npmjs.org/@stdlib/utils-native-class/-/utils-native-class-0.2.1.tgz",
      "integrity": "sha512-tM3am6amt50I4mFRlClExUmORqPzMExgDyZc4Lur+LXn5wb0uEoeBbJ27ftMDg8PNLSi5RUuBCwZBEXvYpG0yw==",
      "requires": {
        "@stdlib/assert-has-own-property": "^0.2.1",
        "@stdlib/assert-has-tostringtag-support": "^0.2.1",
        "@stdlib/symbol-ctor": "^0.2.1"
      }
    },
    "axios": {
      "version": "0.23.0",
      "resolved": "https://registry.npmjs.org/axios/-/axios-0.23.0.tgz",
      "integrity": "sha512-NmvAE4i0YAv5cKq8zlDoPd1VLKAqX5oLuZKs8xkJa4qi6RGn0uhCYFjWtHHC9EM/MwOwYWOs53W+V0aqEXq1sg==",
      "requires": {
        "follow-redirects": "^1.14.4"
      }
    },
    "base64url": {
      "version": "3.0.1",
      "resolved": "https://registry.npmjs.org/base64url/-/base64url-3.0.1.tgz",
      "integrity": "sha512-ir1UPr3dkwexU7FdV8qBBbNDRUhMmIekYMFZfi+C/sLNnRESKPl23nB9b2pltqfOQNnGzsDdId90AEtG5tCx4A=="
    },
    "encodeurl": {
      "version": "1.0.2",
      "resolved": "https://registry.npmjs.org/encodeurl/-/encodeurl-1.0.2.tgz",
      "integrity": "sha512-TPJXq8JqFaVYm2CWmPvnP2Iyo4ZSM7/QKcSmuMLDObfpH5fi7RUGmd/rTDf+rut/saiDiQEeVTNgAmJEdAOx0w=="
    },
    "follow-redirects": {
      "version": "1.15.2",
      "resolved": "https://registry.npmjs.org/follow-redirects/-/follow-redirects-1.15.2.tgz",
      "integrity": "sha512-VQLG33o04KaQ8uYi2tVNbdrWp1QWxNNea+nmIB4EVM28v0hmP17z7aG1+wAkNzVq4KeXTq3221ye5qTJP91JwA=="
    },
    "js-logger": {
      "version": "1.6.1",
      "resolved": "https://registry.npmjs.org/js-logger/-/js-logger-1.6.1.tgz",
      "integrity": "sha512-yTgMCPXVjhmg28CuUH8CKjU+cIKL/G+zTu4Fn4lQxs8mRFH/03QTNvEFngcxfg/gRDiQAOoyCKmMTOm9ayOzXA=="
    },
    "url-search-params-polyfill": {
      "version": "8.1.1",
      "resolved": "https://registry.npmjs.org/url-search-params-polyfill/-/url-search-params-polyfill-8.1.1.tgz",
      "integrity": "sha512-KmkCs6SjE6t4ihrfW9JelAPQIIIFbJweaaSLTh/4AO+c58JlDcb+GbdPt8yr5lRcFg4rPswRFRRhBGpWwh0K/Q=="
    }
  }
}
