{
  "name": "@unparallel/connector-ri",
  "version": "3.0.0",
  "lockfileVersion": 2,
  "requires": true,
  "packages": {
    "": {
      "name": "@unparallel/connector-ri",
      "version": "3.0.0",
      "license": "MIT",
      "dependencies": {
        "@mhoc/axios-digest-auth": "^0.8.0",
        "@stdlib/string-percent-encode": "^0.1.1",
        "axios": "^0.23.0",
        "base64url": "^3.0.1",
        "encodeurl": "^1.0.2",
        "js-logger": "^1.6.0",
        "url-search-params-polyfill": "^8.1.1"
      }
    },
    "node_modules/@mhoc/axios-digest-auth": {
      "version": "0.8.0",
      "resolved": "https://registry.npmjs.org/@mhoc/axios-digest-auth/-/axios-digest-auth-0.8.0.tgz",
      "integrity": "sha512-CEU6AhrPWjznB/uGCvEKNQ9Fa0Gw8gjIXyky6sjRbJz6GsBovef0rdsu6fokE3A7+ncsVsGWlDnt5byOs9mSGw==",
      "dependencies": {
        "axios": "0.22.0"
      }
    },
    "node_modules/@mhoc/axios-digest-auth/node_modules/axios": {
      "version": "0.22.0",
      "resolved": "https://registry.npmjs.org/axios/-/axios-0.22.0.tgz",
      "integrity": "sha512-Z0U3uhqQeg1oNcihswf4ZD57O3NrR1+ZXhxaROaWpDmsDTx7T2HNBV2ulBtie2hwJptu8UvgnJoK+BIqdzh/1w==",
      "dependencies": {
        "follow-redirects": "^1.14.4"
      }
    },
    "node_modules/@stdlib/assert-has-own-property": {
      "version": "0.1.1",
      "resolved": "https://registry.npmjs.org/@stdlib/assert-has-own-property/-/assert-has-own-property-0.1.1.tgz",
      "integrity": "sha512-Zsylp37i4rz3r0SEknZHDiqRf3StznHRm/tsh4vq6w63C+q8gyFDZVQcwFQ55OrK9OmvWmW+ypAFBUpEFAjX6Q==",
      "os": [
        "aix",
        "darwin",
        "freebsd",
        "linux",
        "macos",
        "openbsd",
        "sunos",
        "win32",
        "windows"
      ],
      "engines": {
        "node": ">=0.10.0",
        "npm": ">2.7.0"
      },
      "funding": {
        "type": "opencollective",
        "url": "https://opencollective.com/stdlib"
      }
    },
    "node_modules/@stdlib/assert-has-symbol-support": {
      "version": "0.1.1",
      "resolved": "https://registry.npmjs.org/@stdlib/assert-has-symbol-support/-/assert-has-symbol-support-0.1.1.tgz",
      "integrity": "sha512-wQpag9EQENPG+EAel6YuUDvNgT8DlaR9s582xE3ScNTLvjNFCzS9M6tFKbgYojxUP7ZCj9VVnh0BAMg+Cxyrww==",
      "os": [
        "aix",
        "darwin",
        "freebsd",
        "linux",
        "macos",
        "openbsd",
        "sunos",
        "win32",
        "windows"
      ],
      "engines": {
        "node": ">=0.10.0",
        "npm": ">2.7.0"
      },
      "funding": {
        "type": "opencollective",
        "url": "https://opencollective.com/stdlib"
      }
    },
    "node_modules/@stdlib/assert-has-tostringtag-support": {
      "version": "0.1.1",
      "resolved": "https://registry.npmjs.org/@stdlib/assert-has-tostringtag-support/-/assert-has-tostringtag-support-0.1.1.tgz",
      "integrity": "sha512-EQbfk5kH0rqaL8fFBPjcj3xloZ+vHMLnSM8TvKS0ViMH2adp/qneR+tr9fk3AavxMikrLe8iK/AdTGGDd5xv9A==",
      "os": [
        "aix",
        "darwin",
        "freebsd",
        "linux",
        "macos",
        "openbsd",
        "sunos",
        "win32",
        "windows"
      ],
      "dependencies": {
        "@stdlib/assert-has-symbol-support": "^0.1.1"
      },
      "engines": {
        "node": ">=0.10.0",
        "npm": ">2.7.0"
      },
      "funding": {
        "type": "opencollective",
        "url": "https://opencollective.com/stdlib"
      }
    },
    "node_modules/@stdlib/assert-is-string": {
      "version": "0.1.1",
      "resolved": "https://registry.npmjs.org/@stdlib/assert-is-string/-/assert-is-string-0.1.1.tgz",
      "integrity": "sha512-GrQjWcirF4xAAp48e4rWpr0SmmUbdsAsoGse9PdOXSLaGRhAjDziLAgx2GLEJMcBuxCR5n1g2dCicPo6bM1hDw==",
      "os": [
        "aix",
        "darwin",
        "freebsd",
        "linux",
        "macos",
        "openbsd",
        "sunos",
        "win32",
        "windows"
      ],
      "dependencies": {
        "@stdlib/assert-has-tostringtag-support": "^0.1.1",
        "@stdlib/utils-define-nonenumerable-read-only-property": "^0.1.1",
        "@stdlib/utils-native-class": "^0.1.1"
      },
      "engines": {
        "node": ">=0.10.0",
        "npm": ">2.7.0"
      },
      "funding": {
        "type": "opencollective",
        "url": "https://opencollective.com/stdlib"
      }
    },
    "node_modules/@stdlib/error-tools-fmtprodmsg": {
      "version": "0.1.1",
      "resolved": "https://registry.npmjs.org/@stdlib/error-tools-fmtprodmsg/-/error-tools-fmtprodmsg-0.1.1.tgz",
      "integrity": "sha512-gyQsjgr+TacoDXpPUIkL5LxEx+tT7uWycyv92no0Jo4J+mCzxOq47cBNuwTxboeIKtUSuscD5trWpL9oIdYYbQ==",
      "os": [
        "aix",
        "darwin",
        "freebsd",
        "linux",
        "macos",
        "openbsd",
        "sunos",
        "win32",
        "windows"
      ],
      "dependencies": {
        "@stdlib/types": "^0.1.0"
      },
      "engines": {
        "node": ">=0.10.0",
        "npm": ">2.7.0"
      },
      "funding": {
        "type": "opencollective",
        "url": "https://opencollective.com/stdlib"
      }
    },
    "node_modules/@stdlib/string-base-format-interpolate": {
      "version": "0.1.1",
      "resolved": "https://registry.npmjs.org/@stdlib/string-base-format-interpolate/-/string-base-format-interpolate-0.1.1.tgz",
      "integrity": "sha512-amSiQPOaKNoMgsgvdOCwLjlhrhcj1wUTnBrKmOcjUl3wSR+kRW1zEmGs92DaeGGf0B/SJMe1D3oq5DPriIPP8Q==",
      "os": [
        "aix",
        "darwin",
        "freebsd",
        "linux",
        "macos",
        "openbsd",
        "sunos",
        "win32",
        "windows"
      ],
      "engines": {
        "node": ">=0.10.0",
        "npm": ">2.7.0"
      },
      "funding": {
        "type": "opencollective",
        "url": "https://opencollective.com/stdlib"
      }
    },
    "node_modules/@stdlib/string-base-format-tokenize": {
      "version": "0.1.1",
      "resolved": "https://registry.npmjs.org/@stdlib/string-base-format-tokenize/-/string-base-format-tokenize-0.1.1.tgz",
      "integrity": "sha512-Og33cMtG6btAdA9Dwu69rEZ3/piZEGGLsbt1O2kIi1mxsVk34CO5Wr2JE0VetBjtJ+ylyNm5FODBjsObUhiliQ==",
      "os": [
        "aix",
        "darwin",
        "freebsd",
        "linux",
        "macos",
        "openbsd",
        "sunos",
        "win32",
        "windows"
      ],
      "engines": {
        "node": ">=0.10.0",
        "npm": ">2.7.0"
      },
      "funding": {
        "type": "opencollective",
        "url": "https://opencollective.com/stdlib"
      }
    },
    "node_modules/@stdlib/string-base-percent-encode": {
      "version": "0.1.1",
      "resolved": "https://registry.npmjs.org/@stdlib/string-base-percent-encode/-/string-base-percent-encode-0.1.1.tgz",
      "integrity": "sha512-UZum0Rz4oQcAT7IiLkzBHo22gQyXVfR1nXf3vF8PSxS2C7W1G8vrKSlalUldwGKwNo3ugNFvu4yNJk5SDnQybA==",
      "os": [
        "aix",
        "darwin",
        "freebsd",
        "linux",
        "macos",
        "openbsd",
        "sunos",
        "win32",
        "windows"
      ],
      "dependencies": {
        "@stdlib/string-utf16-to-utf8-array": "^0.1.1"
      },
      "engines": {
        "node": ">=0.10.0",
        "npm": ">2.7.0"
      },
      "funding": {
        "type": "opencollective",
        "url": "https://opencollective.com/stdlib"
      }
    },
    "node_modules/@stdlib/string-format": {
      "version": "0.1.1",
      "resolved": "https://registry.npmjs.org/@stdlib/string-format/-/string-format-0.1.1.tgz",
      "integrity": "sha512-s/AyPpI2hh2mHcvb/OXrVSv2IQbLlXCL55YSW1HyByVsKRMUgE8RsU2uSuwIIbEczbLIffMugG5ly5QxX7fbCw==",
      "os": [
        "aix",
        "darwin",
        "freebsd",
        "linux",
        "macos",
        "openbsd",
        "sunos",
        "win32",
        "windows"
      ],
      "dependencies": {
        "@stdlib/string-base-format-interpolate": "^0.1.1",
        "@stdlib/string-base-format-tokenize": "^0.1.1"
      },
      "engines": {
        "node": ">=0.10.0",
        "npm": ">2.7.0"
      },
      "funding": {
        "type": "opencollective",
        "url": "https://opencollective.com/stdlib"
      }
    },
    "node_modules/@stdlib/string-percent-encode": {
      "version": "0.1.1",
      "resolved": "https://registry.npmjs.org/@stdlib/string-percent-encode/-/string-percent-encode-0.1.1.tgz",
      "integrity": "sha512-BZsxiJ8UD3EQF4yN4xya2QF42NU0lhyMwxnSqlbzCxgpEio99Npvi/oteZ02DscVj2MQHP/KJgY4T87kmn+jug==",
      "os": [
        "aix",
        "darwin",
        "freebsd",
        "linux",
        "macos",
        "openbsd",
        "sunos",
        "win32",
        "windows"
      ],
      "dependencies": {
        "@stdlib/assert-is-string": "^0.1.1",
        "@stdlib/string-base-percent-encode": "^0.1.1",
        "@stdlib/string-format": "^0.1.1"
      },
      "engines": {
        "node": ">=0.10.0",
        "npm": ">2.7.0"
      },
      "funding": {
        "type": "opencollective",
        "url": "https://opencollective.com/stdlib"
      }
    },
    "node_modules/@stdlib/string-utf16-to-utf8-array": {
      "version": "0.1.1",
      "resolved": "https://registry.npmjs.org/@stdlib/string-utf16-to-utf8-array/-/string-utf16-to-utf8-array-0.1.1.tgz",
      "integrity": "sha512-OXv4PpAH0aJlzmjkLXtilj3Ra8feQQZ/IBWQLeGsKTvZu3lYhxFyTRD++/agU2W8a3/yCCKQQ2fiKvrSdKz+FQ==",
      "os": [
        "aix",
        "darwin",
        "freebsd",
        "linux",
        "macos",
        "openbsd",
        "sunos",
        "win32",
        "windows"
      ],
      "dependencies": {
        "@stdlib/assert-is-string": "^0.1.1",
        "@stdlib/error-tools-fmtprodmsg": "^0.1.0",
        "@stdlib/string-format": "^0.1.1"
      },
      "engines": {
        "node": ">=0.10.0",
        "npm": ">2.7.0"
      },
      "funding": {
        "type": "opencollective",
        "url": "https://opencollective.com/stdlib"
      }
    },
    "node_modules/@stdlib/symbol-ctor": {
      "version": "0.1.1",
      "resolved": "https://registry.npmjs.org/@stdlib/symbol-ctor/-/symbol-ctor-0.1.1.tgz",
      "integrity": "sha512-XhhpiWoXwoB6pBkICOlgQsqRbX11TOsA9w18ntv8NAYaimT/dljxuvq258Dq48yuLy/XyFzXYP17uZ92UGFWLg==",
      "os": [
        "aix",
        "darwin",
        "freebsd",
        "linux",
        "macos",
        "openbsd",
        "sunos",
        "win32",
        "windows"
      ],
      "engines": {
        "node": ">=0.10.0",
        "npm": ">2.7.0"
      },
      "funding": {
        "type": "opencollective",
        "url": "https://opencollective.com/stdlib"
      }
    },
    "node_modules/@stdlib/types": {
      "version": "0.1.0",
      "resolved": "https://registry.npmjs.org/@stdlib/types/-/types-0.1.0.tgz",
      "integrity": "sha512-gnUBNBOoDvA5BRJ11e/mNGasMRQwZrTERt6qICAAwqjCJuMamK+SKELv+GNQP/wX6i7rdqhocJy/7Fq7cGbRLQ==",
      "os": [
        "aix",
        "darwin",
        "freebsd",
        "linux",
        "macos",
        "openbsd",
        "sunos",
        "win32",
        "windows"
      ],
      "engines": {
        "node": ">=0.10.0",
        "npm": ">2.7.0"
      },
      "funding": {
        "type": "opencollective",
        "url": "https://opencollective.com/stdlib"
      }
    },
    "node_modules/@stdlib/utils-define-nonenumerable-read-only-property": {
      "version": "0.1.1",
      "resolved": "https://registry.npmjs.org/@stdlib/utils-define-nonenumerable-read-only-property/-/utils-define-nonenumerable-read-only-property-0.1.1.tgz",
      "integrity": "sha512-QCSKAflKO3vuljGaNgFNp3hIbe43CGiXiYET/RPCIo5cjIho8EN0rOQtcbT2s2udiGXXusl0t/v5YLiwueC6JQ==",
      "os": [
        "aix",
        "darwin",
        "freebsd",
        "linux",
        "macos",
        "openbsd",
        "sunos",
        "win32",
        "windows"
      ],
      "dependencies": {
        "@stdlib/types": "^0.1.0",
        "@stdlib/utils-define-property": "^0.1.1"
      },
      "engines": {
        "node": ">=0.10.0",
        "npm": ">2.7.0"
      },
      "funding": {
        "type": "opencollective",
        "url": "https://opencollective.com/stdlib"
      }
    },
    "node_modules/@stdlib/utils-define-property": {
      "version": "0.1.1",
      "resolved": "https://registry.npmjs.org/@stdlib/utils-define-property/-/utils-define-property-0.1.1.tgz",
      "integrity": "sha512-vy6vaNV5aijnGZi1sWY8GPueOPmGc8No39ejXoSrHymMix83vNsk/pNsY2Usg1J80g71cZIlbCxiJjLJiXmOzw==",
      "os": [
        "aix",
        "darwin",
        "freebsd",
        "linux",
        "macos",
        "openbsd",
        "sunos",
        "win32",
        "windows"
      ],
      "dependencies": {
        "@stdlib/error-tools-fmtprodmsg": "^0.1.0",
        "@stdlib/string-format": "^0.1.1",
        "@stdlib/types": "^0.1.0"
      },
      "engines": {
        "node": ">=0.10.0",
        "npm": ">2.7.0"
      },
      "funding": {
        "type": "opencollective",
        "url": "https://opencollective.com/stdlib"
      }
    },
    "node_modules/@stdlib/utils-native-class": {
      "version": "0.1.1",
      "resolved": "https://registry.npmjs.org/@stdlib/utils-native-class/-/utils-native-class-0.1.1.tgz",
      "integrity": "sha512-I8kGJN8T/Fjb+Yew0Asp6bg8Cbb7/XA973UAQ38LCb9uR3uKVsg+mKboMxKrnVkVGvZMp6kfmW8TlowMBzcsrg==",
      "os": [
        "aix",
        "darwin",
        "freebsd",
        "linux",
        "macos",
        "openbsd",
        "sunos",
        "win32",
        "windows"
      ],
      "dependencies": {
        "@stdlib/assert-has-own-property": "^0.1.1",
        "@stdlib/assert-has-tostringtag-support": "^0.1.1",
        "@stdlib/symbol-ctor": "^0.1.1"
      },
      "engines": {
        "node": ">=0.10.0",
        "npm": ">2.7.0"
      },
      "funding": {
        "type": "opencollective",
        "url": "https://opencollective.com/stdlib"
      }
    },
    "node_modules/axios": {
      "version": "0.23.0",
      "resolved": "https://registry.npmjs.org/axios/-/axios-0.23.0.tgz",
      "integrity": "sha512-NmvAE4i0YAv5cKq8zlDoPd1VLKAqX5oLuZKs8xkJa4qi6RGn0uhCYFjWtHHC9EM/MwOwYWOs53W+V0aqEXq1sg==",
      "dependencies": {
        "follow-redirects": "^1.14.4"
      }
    },
    "node_modules/base64url": {
      "version": "3.0.1",
      "resolved": "https://registry.npmjs.org/base64url/-/base64url-3.0.1.tgz",
      "integrity": "sha512-ir1UPr3dkwexU7FdV8qBBbNDRUhMmIekYMFZfi+C/sLNnRESKPl23nB9b2pltqfOQNnGzsDdId90AEtG5tCx4A==",
      "engines": {
        "node": ">=6.0.0"
      }
    },
    "node_modules/encodeurl": {
      "version": "1.0.2",
      "resolved": "https://registry.npmjs.org/encodeurl/-/encodeurl-1.0.2.tgz",
      "integrity": "sha512-TPJXq8JqFaVYm2CWmPvnP2Iyo4ZSM7/QKcSmuMLDObfpH5fi7RUGmd/rTDf+rut/saiDiQEeVTNgAmJEdAOx0w==",
      "engines": {
        "node": ">= 0.8"
      }
    },
    "node_modules/follow-redirects": {
      "version": "1.15.2",
      "resolved": "https://registry.npmjs.org/follow-redirects/-/follow-redirects-1.15.2.tgz",
      "integrity": "sha512-VQLG33o04KaQ8uYi2tVNbdrWp1QWxNNea+nmIB4EVM28v0hmP17z7aG1+wAkNzVq4KeXTq3221ye5qTJP91JwA==",
      "funding": [
        {
          "type": "individual",
          "url": "https://github.com/sponsors/RubenVerborgh"
        }
      ],
      "engines": {
        "node": ">=4.0"
      },
      "peerDependenciesMeta": {
        "debug": {
          "optional": true
        }
      }
    },
    "node_modules/js-logger": {
      "version": "1.6.1",
      "resolved": "https://registry.npmjs.org/js-logger/-/js-logger-1.6.1.tgz",
      "integrity": "sha512-yTgMCPXVjhmg28CuUH8CKjU+cIKL/G+zTu4Fn4lQxs8mRFH/03QTNvEFngcxfg/gRDiQAOoyCKmMTOm9ayOzXA=="
    },
    "node_modules/url-search-params-polyfill": {
      "version": "8.1.1",
      "resolved": "https://registry.npmjs.org/url-search-params-polyfill/-/url-search-params-polyfill-8.1.1.tgz",
      "integrity": "sha512-KmkCs6SjE6t4ihrfW9JelAPQIIIFbJweaaSLTh/4AO+c58JlDcb+GbdPt8yr5lRcFg4rPswRFRRhBGpWwh0K/Q=="
    }
  },
  "dependencies": {
    "@mhoc/axios-digest-auth": {
      "version": "0.8.0",
      "resolved": "https://registry.npmjs.org/@mhoc/axios-digest-auth/-/axios-digest-auth-0.8.0.tgz",
      "integrity": "sha512-CEU6AhrPWjznB/uGCvEKNQ9Fa0Gw8gjIXyky6sjRbJz6GsBovef0rdsu6fokE3A7+ncsVsGWlDnt5byOs9mSGw==",
      "requires": {
        "axios": "0.22.0"
      },
      "dependencies": {
        "axios": {
          "version": "0.22.0",
          "resolved": "https://registry.npmjs.org/axios/-/axios-0.22.0.tgz",
          "integrity": "sha512-Z0U3uhqQeg1oNcihswf4ZD57O3NrR1+ZXhxaROaWpDmsDTx7T2HNBV2ulBtie2hwJptu8UvgnJoK+BIqdzh/1w==",
          "requires": {
            "follow-redirects": "^1.14.4"
          }
        }
      }
    },
    "@stdlib/assert-has-own-property": {
      "version": "0.1.1",
      "resolved": "https://registry.npmjs.org/@stdlib/assert-has-own-property/-/assert-has-own-property-0.1.1.tgz",
      "integrity": "sha512-Zsylp37i4rz3r0SEknZHDiqRf3StznHRm/tsh4vq6w63C+q8gyFDZVQcwFQ55OrK9OmvWmW+ypAFBUpEFAjX6Q=="
    },
    "@stdlib/assert-has-symbol-support": {
      "version": "0.1.1",
      "resolved": "https://registry.npmjs.org/@stdlib/assert-has-symbol-support/-/assert-has-symbol-support-0.1.1.tgz",
      "integrity": "sha512-wQpag9EQENPG+EAel6YuUDvNgT8DlaR9s582xE3ScNTLvjNFCzS9M6tFKbgYojxUP7ZCj9VVnh0BAMg+Cxyrww=="
    },
    "@stdlib/assert-has-tostringtag-support": {
      "version": "0.1.1",
      "resolved": "https://registry.npmjs.org/@stdlib/assert-has-tostringtag-support/-/assert-has-tostringtag-support-0.1.1.tgz",
      "integrity": "sha512-EQbfk5kH0rqaL8fFBPjcj3xloZ+vHMLnSM8TvKS0ViMH2adp/qneR+tr9fk3AavxMikrLe8iK/AdTGGDd5xv9A==",
      "requires": {
        "@stdlib/assert-has-symbol-support": "^0.1.1"
      }
    },
    "@stdlib/assert-is-string": {
      "version": "0.1.1",
      "resolved": "https://registry.npmjs.org/@stdlib/assert-is-string/-/assert-is-string-0.1.1.tgz",
      "integrity": "sha512-GrQjWcirF4xAAp48e4rWpr0SmmUbdsAsoGse9PdOXSLaGRhAjDziLAgx2GLEJMcBuxCR5n1g2dCicPo6bM1hDw==",
      "requires": {
        "@stdlib/assert-has-tostringtag-support": "^0.1.1",
        "@stdlib/utils-define-nonenumerable-read-only-property": "^0.1.1",
        "@stdlib/utils-native-class": "^0.1.1"
      }
    },
    "@stdlib/error-tools-fmtprodmsg": {
      "version": "0.1.1",
      "resolved": "https://registry.npmjs.org/@stdlib/error-tools-fmtprodmsg/-/error-tools-fmtprodmsg-0.1.1.tgz",
      "integrity": "sha512-gyQsjgr+TacoDXpPUIkL5LxEx+tT7uWycyv92no0Jo4J+mCzxOq47cBNuwTxboeIKtUSuscD5trWpL9oIdYYbQ==",
      "requires": {
        "@stdlib/types": "^0.1.0"
      }
    },
    "@stdlib/string-base-format-interpolate": {
      "version": "0.1.1",
      "resolved": "https://registry.npmjs.org/@stdlib/string-base-format-interpolate/-/string-base-format-interpolate-0.1.1.tgz",
      "integrity": "sha512-amSiQPOaKNoMgsgvdOCwLjlhrhcj1wUTnBrKmOcjUl3wSR+kRW1zEmGs92DaeGGf0B/SJMe1D3oq5DPriIPP8Q=="
    },
    "@stdlib/string-base-format-tokenize": {
      "version": "0.1.1",
      "resolved": "https://registry.npmjs.org/@stdlib/string-base-format-tokenize/-/string-base-format-tokenize-0.1.1.tgz",
      "integrity": "sha512-Og33cMtG6btAdA9Dwu69rEZ3/piZEGGLsbt1O2kIi1mxsVk34CO5Wr2JE0VetBjtJ+ylyNm5FODBjsObUhiliQ=="
    },
    "@stdlib/string-base-percent-encode": {
      "version": "0.1.1",
      "resolved": "https://registry.npmjs.org/@stdlib/string-base-percent-encode/-/string-base-percent-encode-0.1.1.tgz",
      "integrity": "sha512-UZum0Rz4oQcAT7IiLkzBHo22gQyXVfR1nXf3vF8PSxS2C7W1G8vrKSlalUldwGKwNo3ugNFvu4yNJk5SDnQybA==",
      "requires": {
        "@stdlib/string-utf16-to-utf8-array": "^0.1.1"
      }
    },
    "@stdlib/string-format": {
      "version": "0.1.1",
      "resolved": "https://registry.npmjs.org/@stdlib/string-format/-/string-format-0.1.1.tgz",
      "integrity": "sha512-s/AyPpI2hh2mHcvb/OXrVSv2IQbLlXCL55YSW1HyByVsKRMUgE8RsU2uSuwIIbEczbLIffMugG5ly5QxX7fbCw==",
      "requires": {
        "@stdlib/string-base-format-interpolate": "^0.1.1",
        "@stdlib/string-base-format-tokenize": "^0.1.1"
      }
    },
    "@stdlib/string-percent-encode": {
      "version": "0.1.1",
      "resolved": "https://registry.npmjs.org/@stdlib/string-percent-encode/-/string-percent-encode-0.1.1.tgz",
      "integrity": "sha512-BZsxiJ8UD3EQF4yN4xya2QF42NU0lhyMwxnSqlbzCxgpEio99Npvi/oteZ02DscVj2MQHP/KJgY4T87kmn+jug==",
      "requires": {
        "@stdlib/assert-is-string": "^0.1.1",
        "@stdlib/string-base-percent-encode": "^0.1.1",
        "@stdlib/string-format": "^0.1.1"
      }
    },
    "@stdlib/string-utf16-to-utf8-array": {
      "version": "0.1.1",
      "resolved": "https://registry.npmjs.org/@stdlib/string-utf16-to-utf8-array/-/string-utf16-to-utf8-array-0.1.1.tgz",
      "integrity": "sha512-OXv4PpAH0aJlzmjkLXtilj3Ra8feQQZ/IBWQLeGsKTvZu3lYhxFyTRD++/agU2W8a3/yCCKQQ2fiKvrSdKz+FQ==",
      "requires": {
        "@stdlib/assert-is-string": "^0.1.1",
        "@stdlib/error-tools-fmtprodmsg": "^0.1.0",
        "@stdlib/string-format": "^0.1.1"
      }
    },
    "@stdlib/symbol-ctor": {
      "version": "0.1.1",
      "resolved": "https://registry.npmjs.org/@stdlib/symbol-ctor/-/symbol-ctor-0.1.1.tgz",
      "integrity": "sha512-XhhpiWoXwoB6pBkICOlgQsqRbX11TOsA9w18ntv8NAYaimT/dljxuvq258Dq48yuLy/XyFzXYP17uZ92UGFWLg=="
    },
    "@stdlib/types": {
      "version": "0.1.0",
      "resolved": "https://registry.npmjs.org/@stdlib/types/-/types-0.1.0.tgz",
      "integrity": "sha512-gnUBNBOoDvA5BRJ11e/mNGasMRQwZrTERt6qICAAwqjCJuMamK+SKELv+GNQP/wX6i7rdqhocJy/7Fq7cGbRLQ=="
    },
    "@stdlib/utils-define-nonenumerable-read-only-property": {
      "version": "0.1.1",
      "resolved": "https://registry.npmjs.org/@stdlib/utils-define-nonenumerable-read-only-property/-/utils-define-nonenumerable-read-only-property-0.1.1.tgz",
      "integrity": "sha512-QCSKAflKO3vuljGaNgFNp3hIbe43CGiXiYET/RPCIo5cjIho8EN0rOQtcbT2s2udiGXXusl0t/v5YLiwueC6JQ==",
      "requires": {
        "@stdlib/types": "^0.1.0",
        "@stdlib/utils-define-property": "^0.1.1"
      }
    },
    "@stdlib/utils-define-property": {
      "version": "0.1.1",
      "resolved": "https://registry.npmjs.org/@stdlib/utils-define-property/-/utils-define-property-0.1.1.tgz",
      "integrity": "sha512-vy6vaNV5aijnGZi1sWY8GPueOPmGc8No39ejXoSrHymMix83vNsk/pNsY2Usg1J80g71cZIlbCxiJjLJiXmOzw==",
      "requires": {
        "@stdlib/error-tools-fmtprodmsg": "^0.1.0",
        "@stdlib/string-format": "^0.1.1",
        "@stdlib/types": "^0.1.0"
      }
    },
    "@stdlib/utils-native-class": {
      "version": "0.1.1",
      "resolved": "https://registry.npmjs.org/@stdlib/utils-native-class/-/utils-native-class-0.1.1.tgz",
      "integrity": "sha512-I8kGJN8T/Fjb+Yew0Asp6bg8Cbb7/XA973UAQ38LCb9uR3uKVsg+mKboMxKrnVkVGvZMp6kfmW8TlowMBzcsrg==",
      "requires": {
        "@stdlib/assert-has-own-property": "^0.1.1",
        "@stdlib/assert-has-tostringtag-support": "^0.1.1",
        "@stdlib/symbol-ctor": "^0.1.1"
      }
    },
    "axios": {
      "version": "0.23.0",
      "resolved": "https://registry.npmjs.org/axios/-/axios-0.23.0.tgz",
      "integrity": "sha512-NmvAE4i0YAv5cKq8zlDoPd1VLKAqX5oLuZKs8xkJa4qi6RGn0uhCYFjWtHHC9EM/MwOwYWOs53W+V0aqEXq1sg==",
      "requires": {
        "follow-redirects": "^1.14.4"
      }
    },
    "base64url": {
      "version": "3.0.1",
      "resolved": "https://registry.npmjs.org/base64url/-/base64url-3.0.1.tgz",
      "integrity": "sha512-ir1UPr3dkwexU7FdV8qBBbNDRUhMmIekYMFZfi+C/sLNnRESKPl23nB9b2pltqfOQNnGzsDdId90AEtG5tCx4A=="
    },
    "encodeurl": {
      "version": "1.0.2",
      "resolved": "https://registry.npmjs.org/encodeurl/-/encodeurl-1.0.2.tgz",
      "integrity": "sha512-TPJXq8JqFaVYm2CWmPvnP2Iyo4ZSM7/QKcSmuMLDObfpH5fi7RUGmd/rTDf+rut/saiDiQEeVTNgAmJEdAOx0w=="
    },
    "follow-redirects": {
      "version": "1.15.2",
      "resolved": "https://registry.npmjs.org/follow-redirects/-/follow-redirects-1.15.2.tgz",
      "integrity": "sha512-VQLG33o04KaQ8uYi2tVNbdrWp1QWxNNea+nmIB4EVM28v0hmP17z7aG1+wAkNzVq4KeXTq3221ye5qTJP91JwA=="
    },
    "js-logger": {
      "version": "1.6.1",
      "resolved": "https://registry.npmjs.org/js-logger/-/js-logger-1.6.1.tgz",
      "integrity": "sha512-yTgMCPXVjhmg28CuUH8CKjU+cIKL/G+zTu4Fn4lQxs8mRFH/03QTNvEFngcxfg/gRDiQAOoyCKmMTOm9ayOzXA=="
    },
    "url-search-params-polyfill": {
      "version": "8.1.1",
      "resolved": "https://registry.npmjs.org/url-search-params-polyfill/-/url-search-params-polyfill-8.1.1.tgz",
      "integrity": "sha512-KmkCs6SjE6t4ihrfW9JelAPQIIIFbJweaaSLTh/4AO+c58JlDcb+GbdPt8yr5lRcFg4rPswRFRRhBGpWwh0K/Q=="
    }
  }
}
